
Microsoft Visual Studio Solution File, Format Version 12.00
# Visual Studio Version 17
VisualStudioVersion = 17.0.31903.59
MinimumVisualStudioVersion = 10.0.40219.1
Project("{FAE04EC0-301F-11D3-BF4B-00C04F79EFBC}") = "AspireApp1.AppHost", "AspireApp1.AppHost\AspireApp1.AppHost.csproj", "{A843A5C0-D34B-4848-AE62-0EFDDD395288}"
EndProject
Project("{FAE04EC0-301F-11D3-BF4B-00C04F79EFBC}") = "AspireApp1.ServiceDefaults", "AspireApp1.ServiceDefaults\AspireApp1.ServiceDefaults.csproj", "{8560324B-1644-415F-8B5F-26C734BC1C29}"
EndProject
Project("{FAE04EC0-301F-11D3-BF4B-00C04F79EFBC}") = "AspireApp1.ApiService", "AspireApp1.ApiService\AspireApp1.ApiService.csproj", "{4ADF6568-BA2E-47FA-A0A3-2DC4A534340A}"
EndProject
Project("{FAE04EC0-301F-11D3-BF4B-00C04F79EFBC}") = "AspireApp1.Web", "AspireApp1.Web\AspireApp1.Web.csproj", "{5AB65E28-47B4-4F81-8BA5-9FDA1B31937C}"
EndProject
Global
	GlobalSection(SolutionConfigurationPlatforms) = preSolution
		Debug|Any CPU = Debug|Any CPU
		Debug|x64 = Debug|x64
		Debug|x86 = Debug|x86
		Release|Any CPU = Release|Any CPU
		Release|x64 = Release|x64
		Release|x86 = Release|x86
	EndGlobalSection
	GlobalSection(ProjectConfigurationPlatforms) = postSolution
		{A843A5C0-D34B-4848-AE62-0EFDDD395288}.Debug|Any CPU.ActiveCfg = Debug|Any CPU
		{A843A5C0-D34B-4848-AE62-0EFDDD395288}.Debug|Any CPU.Build.0 = Debug|Any CPU
		{A843A5C0-D34B-4848-AE62-0EFDDD395288}.Debug|x64.ActiveCfg = Debug|Any CPU
		{A843A5C0-D34B-4848-AE62-0EFDDD395288}.Debug|x64.Build.0 = Debug|Any CPU
		{A843A5C0-D34B-4848-AE62-0EFDDD395288}.Debug|x86.ActiveCfg = Debug|Any CPU
		{A843A5C0-D34B-4848-AE62-0EFDDD395288}.Debug|x86.Build.0 = Debug|Any CPU
		{A843A5C0-D34B-4848-AE62-0EFDDD395288}.Release|Any CPU.ActiveCfg = Release|Any CPU
		{A843A5C0-D34B-4848-AE62-0EFDDD395288}.Release|Any CPU.Build.0 = Release|Any CPU
		{A843A5C0-D34B-4848-AE62-0EFDDD395288}.Release|x64.ActiveCfg = Release|Any CPU
		{A843A5C0-D34B-4848-AE62-0EFDDD395288}.Release|x64.Build.0 = Release|Any CPU
		{A843A5C0-D34B-4848-AE62-0EFDDD395288}.Release|x86.ActiveCfg = Release|Any CPU
		{A843A5C0-D34B-4848-AE62-0EFDDD395288}.Release|x86.Build.0 = Release|Any CPU
		{8560324B-1644-415F-8B5F-26C734BC1C29}.Debug|Any CPU.ActiveCfg = Debug|Any CPU
		{8560324B-1644-415F-8B5F-26C734BC1C29}.Debug|Any CPU.Build.0 = Debug|Any CPU
		{8560324B-1644-415F-8B5F-26C734BC1C29}.Debug|x64.ActiveCfg = Debug|Any CPU
		{8560324B-1644-415F-8B5F-26C734BC1C29}.Debug|x64.Build.0 = Debug|Any CPU
		{8560324B-1644-415F-8B5F-26C734BC1C29}.Debug|x86.ActiveCfg = Debug|Any CPU
		{8560324B-1644-415F-8B5F-26C734BC1C29}.Debug|x86.Build.0 = Debug|Any CPU
		{8560324B-1644-415F-8B5F-26C734BC1C29}.Release|Any CPU.ActiveCfg = Release|Any CPU
		{8560324B-1644-415F-8B5F-26C734BC1C29}.Release|Any CPU.Build.0 = Release|Any CPU
		{8560324B-1644-415F-8B5F-26C734BC1C29}.Release|x64.ActiveCfg = Release|Any CPU
		{8560324B-1644-415F-8B5F-26C734BC1C29}.Release|x64.Build.0 = Release|Any CPU
		{8560324B-1644-415F-8B5F-26C734BC1C29}.Release|x86.ActiveCfg = Release|Any CPU
		{8560324B-1644-415F-8B5F-26C734BC1C29}.Release|x86.Build.0 = Release|Any CPU
		{4ADF6568-BA2E-47FA-A0A3-2DC4A534340A}.Debug|Any CPU.ActiveCfg = Debug|Any CPU
		{4ADF6568-BA2E-47FA-A0A3-2DC4A534340A}.Debug|Any CPU.Build.0 = Debug|Any CPU
		{4ADF6568-BA2E-47FA-A0A3-2DC4A534340A}.Debug|x64.ActiveCfg = Debug|Any CPU
		{4ADF6568-BA2E-47FA-A0A3-2DC4A534340A}.Debug|x64.Build.0 = Debug|Any CPU
		{4ADF6568-BA2E-47FA-A0A3-2DC4A534340A}.Debug|x86.ActiveCfg = Debug|Any CPU
		{4ADF6568-BA2E-47FA-A0A3-2DC4A534340A}.Debug|x86.Build.0 = Debug|Any CPU
		{4ADF6568-BA2E-47FA-A0A3-2DC4A534340A}.Release|Any CPU.ActiveCfg = Release|Any CPU
		{4ADF6568-BA2E-47FA-A0A3-2DC4A534340A}.Release|Any CPU.Build.0 = Release|Any CPU
		{4ADF6568-BA2E-47FA-A0A3-2DC4A534340A}.Release|x64.ActiveCfg = Release|Any CPU
		{4ADF6568-BA2E-47FA-A0A3-2DC4A534340A}.Release|x64.Build.0 = Release|Any CPU
		{4ADF6568-BA2E-47FA-A0A3-2DC4A534340A}.Release|x86.ActiveCfg = Release|Any CPU
		{4ADF6568-BA2E-47FA-A0A3-2DC4A534340A}.Release|x86.Build.0 = Release|Any CPU
		{5AB65E28-47B4-4F81-8BA5-9FDA1B31937C}.Debug|Any CPU.ActiveCfg = Debug|Any CPU
		{5AB65E28-47B4-4F81-8BA5-9FDA1B31937C}.Debug|Any CPU.Build.0 = Debug|Any CPU
		{5AB65E28-47B4-4F81-8BA5-9FDA1B31937C}.Debug|x64.ActiveCfg = Debug|Any CPU
		{5AB65E28-47B4-4F81-8BA5-9FDA1B31937C}.Debug|x64.Build.0 = Debug|Any CPU
		{5AB65E28-47B4-4F81-8BA5-9FDA1B31937C}.Debug|x86.ActiveCfg = Debug|Any CPU
		{5AB65E28-47B4-4F81-8BA5-9FDA1B31937C}.Debug|x86.Build.0 = Debug|Any CPU
		{5AB65E28-47B4-4F81-8BA5-9FDA1B31937C}.Release|Any CPU.ActiveCfg = Release|Any CPU
		{5AB65E28-47B4-4F81-8BA5-9FDA1B31937C}.Release|Any CPU.Build.0 = Release|Any CPU
		{5AB65E28-47B4-4F81-8BA5-9FDA1B31937C}.Release|x64.ActiveCfg = Release|Any CPU
		{5AB65E28-47B4-4F81-8BA5-9FDA1B31937C}.Release|x64.Build.0 = Release|Any CPU
		{5AB65E28-47B4-4F81-8BA5-9FDA1B31937C}.Release|x86.ActiveCfg = Release|Any CPU
		{5AB65E28-47B4-4F81-8BA5-9FDA1B31937C}.Release|x86.Build.0 = Release|Any CPU
	EndGlobalSection
	GlobalSection(SolutionProperties) = preSolution
		HideSolutionNode = FALSE
	EndGlobalSection
EndGlobal
